
Microsoft Visual Studio Solution File, Format Version 12.00
# Visual Studio Version 17
VisualStudioVersion = 17.3.32825.248
MinimumVisualStudioVersion = 10.0.40219.1
Project("{FAE04EC0-301F-11D3-BF4B-00C04F79EFBC}") = "FP_13Module", "FP_13Module\FP_13Module.csproj", "{84612C4D-BCCB-481C-BA12-FB7CF8C005F7}"
EndProject
Project("{FAE04EC0-301F-11D3-BF4B-00C04F79EFBC}") = "Sec_FP_13Module", "Sec_FP_13Module\Sec_FP_13Module.csproj", "{F1E2820A-EFA5-47C4-8636-1FF2591D6474}"
EndProject
Global
	GlobalSection(SolutionConfigurationPlatforms) = preSolution
		Debug|Any CPU = Debug|Any CPU
		Release|Any CPU = Release|Any CPU
	EndGlobalSection
	GlobalSection(ProjectConfigurationPlatforms) = postSolution
		{84612C4D-BCCB-481C-BA12-FB7CF8C005F7}.Debug|Any CPU.ActiveCfg = Debug|Any CPU
		{84612C4D-BCCB-481C-BA12-FB7CF8C005F7}.Debug|Any CPU.Build.0 = Debug|Any CPU
		{84612C4D-BCCB-481C-BA12-FB7CF8C005F7}.Release|Any CPU.ActiveCfg = Release|Any CPU
		{84612C4D-BCCB-481C-BA12-FB7CF8C005F7}.Release|Any CPU.Build.0 = Release|Any CPU
		{F1E2820A-EFA5-47C4-8636-1FF2591D6474}.Debug|Any CPU.ActiveCfg = Debug|Any CPU
		{F1E2820A-EFA5-47C4-8636-1FF2591D6474}.Debug|Any CPU.Build.0 = Debug|Any CPU
		{F1E2820A-EFA5-47C4-8636-1FF2591D6474}.Release|Any CPU.ActiveCfg = Release|Any CPU
		{F1E2820A-EFA5-47C4-8636-1FF2591D6474}.Release|Any CPU.Build.0 = Release|Any CPU
	EndGlobalSection
	GlobalSection(SolutionProperties) = preSolution
		HideSolutionNode = FALSE
	EndGlobalSection
	GlobalSection(ExtensibilityGlobals) = postSolution
		SolutionGuid = {15FA3FB8-DAC9-47D8-A441-EC1F471686FE}
	EndGlobalSection
EndGlobal
